
Microsoft Visual Studio Solution File, Format Version 12.00
#
Project("{FAE04EC0-301F-11D3-BF4B-00C04F79EFBC}") = "Tests", "Tests\Tests.csproj", "{92ED9242-7291-48F5-A10F-2EA3AC5BE85A}"
EndProject
Project("{2150E333-8FDC-42A3-9474-1A3956D46DE8}") = "LinkedList", "LinkedList", "{1DDBE1B3-B897-47C4-87A8-D328F0FD4EF9}"
EndProject
Project("{FAE04EC0-301F-11D3-BF4B-00C04F79EFBC}") = "LinkedList", "LinkedList\LinkedList\LinkedList.csproj", "{086CEFDC-1A16-4660-9325-5EA466053C6A}"
EndProject
Global
	GlobalSection(SolutionConfigurationPlatforms) = preSolution
		Debug|Any CPU = Debug|Any CPU
		Release|Any CPU = Release|Any CPU
	EndGlobalSection
	GlobalSection(ProjectConfigurationPlatforms) = postSolution
		{92ED9242-7291-48F5-A10F-2EA3AC5BE85A}.Debug|Any CPU.ActiveCfg = Debug|Any CPU
		{92ED9242-7291-48F5-A10F-2EA3AC5BE85A}.Debug|Any CPU.Build.0 = Debug|Any CPU
		{92ED9242-7291-48F5-A10F-2EA3AC5BE85A}.Release|Any CPU.ActiveCfg = Release|Any CPU
		{92ED9242-7291-48F5-A10F-2EA3AC5BE85A}.Release|Any CPU.Build.0 = Release|Any CPU
		{086CEFDC-1A16-4660-9325-5EA466053C6A}.Debug|Any CPU.ActiveCfg = Debug|Any CPU
		{086CEFDC-1A16-4660-9325-5EA466053C6A}.Debug|Any CPU.Build.0 = Debug|Any CPU
		{086CEFDC-1A16-4660-9325-5EA466053C6A}.Release|Any CPU.ActiveCfg = Release|Any CPU
		{086CEFDC-1A16-4660-9325-5EA466053C6A}.Release|Any CPU.Build.0 = Release|Any CPU
	EndGlobalSection
	GlobalSection(NestedProjects) = preSolution
		{086CEFDC-1A16-4660-9325-5EA466053C6A} = {1DDBE1B3-B897-47C4-87A8-D328F0FD4EF9}
	EndGlobalSection
EndGlobal
